// !$*UTF8*$!
{
	archiveVersion = 1;
	classes = {
	};
	objectVersion = 46;
	objects = {

/* Begin PBXBuildFile section */
		84AF52611D1D0CD00008D34F /* MBUser.m in Sources */ = {isa = PBXBuildFile; fileRef = 84AF52601D1D0CD00008D34F /* MBUser.m */; };
		84AF52641D1D0D0C0008D34F /* MBAccount.m in Sources */ = {isa = PBXBuildFile; fileRef = 84AF52631D1D0D0C0008D34F /* MBAccount.m */; };
		84AF52671D1D0D310008D34F /* MBCard.m in Sources */ = {isa = PBXBuildFile; fileRef = 84AF52661D1D0D310008D34F /* MBCard.m */; };
		84AF526A1D1D2F140008D34F /* MBBranch.m in Sources */ = {isa = PBXBuildFile; fileRef = 84AF52691D1D2F140008D34F /* MBBranch.m */; };
		84AF526D1D1D2F450008D34F /* MBMessage.m in Sources */ = {isa = PBXBuildFile; fileRef = 84AF526C1D1D2F450008D34F /* MBMessage.m */; };
		84AF52701D1D2F800008D34F /* MBLoan.m in Sources */ = {isa = PBXBuildFile; fileRef = 84AF526F1D1D2F800008D34F /* MBLoan.m */; };
		84AF52731D1D2F8F0008D34F /* MBStock.m in Sources */ = {isa = PBXBuildFile; fileRef = 84AF52721D1D2F8F0008D34F /* MBStock.m */; };
		84AF52761D1D2F9D0008D34F /* MBTransaction.m in Sources */ = {isa = PBXBuildFile; fileRef = 84AF52751D1D2F9D0008D34F /* MBTransaction.m */; };
		84AF52791D1D30FC0008D34F /* MBStatement.m in Sources */ = {isa = PBXBuildFile; fileRef = 84AF52781D1D30FC0008D34F /* MBStatement.m */; };
		84AF527B1D1D55400008D34F /* CoreLocation.framework in Frameworks */ = {isa = PBXBuildFile; fileRef = 84AF527A1D1D55400008D34F /* CoreLocation.framework */; };
		CD9E41351D181C9D004BCBCD /* main.m in Sources */ = {isa = PBXBuildFile; fileRef = CD9E41341D181C9D004BCBCD /* main.m */; };
		CD9E413E1D181C9D004BCBCD /* Main.storyboard in Resources */ = {isa = PBXBuildFile; fileRef = CD9E413C1D181C9D004BCBCD /* Main.storyboard */; };
		CD9E41401D181C9D004BCBCD /* Assets.xcassets in Resources */ = {isa = PBXBuildFile; fileRef = CD9E413F1D181C9D004BCBCD /* Assets.xcassets */; };
		CD9E41431D181C9D004BCBCD /* LaunchScreen.storyboard in Resources */ = {isa = PBXBuildFile; fileRef = CD9E41411D181C9D004BCBCD /* LaunchScreen.storyboard */; };
		CD9E41541D181D9A004BCBCD /* ViewController.m in Sources */ = {isa = PBXBuildFile; fileRef = CD9E41531D181D9A004BCBCD /* ViewController.m */; };
		CD9E41571D181DB0004BCBCD /* AppDelegate.m in Sources */ = {isa = PBXBuildFile; fileRef = CD9E41561D181DB0004BCBCD /* AppDelegate.m */; };
/* End PBXBuildFile section */

/* Begin PBXFileReference section */
		84AF525F1D1D0CD00008D34F /* MBUser.h */ = {isa = PBXFileReference; fileEncoding = 4; lastKnownFileType = sourcecode.c.h; path = MBUser.h; sourceTree = "<group>"; };
		84AF52601D1D0CD00008D34F /* MBUser.m */ = {isa = PBXFileReference; fileEncoding = 4; lastKnownFileType = sourcecode.c.objc; path = MBUser.m; sourceTree = "<group>"; };
		84AF52621D1D0D0C0008D34F /* MBAccount.h */ = {isa = PBXFileReference; fileEncoding = 4; lastKnownFileType = sourcecode.c.h; path = MBAccount.h; sourceTree = "<group>"; };
		84AF52631D1D0D0C0008D34F /* MBAccount.m */ = {isa = PBXFileReference; fileEncoding = 4; lastKnownFileType = sourcecode.c.objc; path = MBAccount.m; sourceTree = "<group>"; };
		84AF52651D1D0D310008D34F /* MBCard.h */ = {isa = PBXFileReference; fileEncoding = 4; lastKnownFileType = sourcecode.c.h; path = MBCard.h; sourceTree = "<group>"; };
		84AF52661D1D0D310008D34F /* MBCard.m */ = {isa = PBXFileReference; fileEncoding = 4; lastKnownFileType = sourcecode.c.objc; path = MBCard.m; sourceTree = "<group>"; };
		84AF52681D1D2F140008D34F /* MBBranch.h */ = {isa = PBXFileReference; fileEncoding = 4; lastKnownFileType = sourcecode.c.h; path = MBBranch.h; sourceTree = "<group>"; };
		84AF52691D1D2F140008D34F /* MBBranch.m */ = {isa = PBXFileReference; fileEncoding = 4; lastKnownFileType = sourcecode.c.objc; path = MBBranch.m; sourceTree = "<group>"; };
		84AF526B1D1D2F450008D34F /* MBMessage.h */ = {isa = PBXFileReference; fileEncoding = 4; lastKnownFileType = sourcecode.c.h; path = MBMessage.h; sourceTree = "<group>"; };
		84AF526C1D1D2F450008D34F /* MBMessage.m */ = {isa = PBXFileReference; fileEncoding = 4; lastKnownFileType = sourcecode.c.objc; path = MBMessage.m; sourceTree = "<group>"; };
		84AF526E1D1D2F800008D34F /* MBLoan.h */ = {isa = PBXFileReference; fileEncoding = 4; lastKnownFileType = sourcecode.c.h; path = MBLoan.h; sourceTree = "<group>"; };
		84AF526F1D1D2F800008D34F /* MBLoan.m */ = {isa = PBXFileReference; fileEncoding = 4; lastKnownFileType = sourcecode.c.objc; path = MBLoan.m; sourceTree = "<group>"; };
		84AF52711D1D2F8F0008D34F /* MBStock.h */ = {isa = PBXFileReference; fileEncoding = 4; lastKnownFileType = sourcecode.c.h; path = MBStock.h; sourceTree = "<group>"; };
		84AF52721D1D2F8F0008D34F /* MBStock.m */ = {isa = PBXFileReference; fileEncoding = 4; lastKnownFileType = sourcecode.c.objc; path = MBStock.m; sourceTree = "<group>"; };
		84AF52741D1D2F9D0008D34F /* MBTransaction.h */ = {isa = PBXFileReference; fileEncoding = 4; lastKnownFileType = sourcecode.c.h; path = MBTransaction.h; sourceTree = "<group>"; };
		84AF52751D1D2F9D0008D34F /* MBTransaction.m */ = {isa = PBXFileReference; fileEncoding = 4; lastKnownFileType = sourcecode.c.objc; path = MBTransaction.m; sourceTree = "<group>"; };
		84AF52771D1D30FC0008D34F /* MBStatement.h */ = {isa = PBXFileReference; fileEncoding = 4; lastKnownFileType = sourcecode.c.h; path = MBStatement.h; sourceTree = "<group>"; };
		84AF52781D1D30FC0008D34F /* MBStatement.m */ = {isa = PBXFileReference; fileEncoding = 4; lastKnownFileType = sourcecode.c.objc; path = MBStatement.m; sourceTree = "<group>"; };
		84AF527A1D1D55400008D34F /* CoreLocation.framework */ = {isa = PBXFileReference; lastKnownFileType = wrapper.framework; name = CoreLocation.framework; path = System/Library/Frameworks/CoreLocation.framework; sourceTree = SDKROOT; };
		CD9E41301D181C9D004BCBCD /* mMobileBanking.app */ = {isa = PBXFileReference; explicitFileType = wrapper.application; includeInIndex = 0; path = mMobileBanking.app; sourceTree = BUILT_PRODUCTS_DIR; };
		CD9E41341D181C9D004BCBCD /* main.m */ = {isa = PBXFileReference; lastKnownFileType = sourcecode.c.objc; path = main.m; sourceTree = "<group>"; };
		CD9E413D1D181C9D004BCBCD /* Base */ = {isa = PBXFileReference; lastKnownFileType = file.storyboard; name = Base; path = Base.lproj/Main.storyboard; sourceTree = "<group>"; };
		CD9E413F1D181C9D004BCBCD /* Assets.xcassets */ = {isa = PBXFileReference; lastKnownFileType = folder.assetcatalog; path = Assets.xcassets; sourceTree = "<group>"; };
		CD9E41421D181C9D004BCBCD /* Base */ = {isa = PBXFileReference; lastKnownFileType = file.storyboard; name = Base; path = Base.lproj/LaunchScreen.storyboard; sourceTree = "<group>"; };
		CD9E41441D181C9D004BCBCD /* Info.plist */ = {isa = PBXFileReference; lastKnownFileType = text.plist.xml; path = Info.plist; sourceTree = "<group>"; };
		CD9E41521D181D9A004BCBCD /* ViewController.h */ = {isa = PBXFileReference; fileEncoding = 4; lastKnownFileType = sourcecode.c.h; path = ViewController.h; sourceTree = "<group>"; };
		CD9E41531D181D9A004BCBCD /* ViewController.m */ = {isa = PBXFileReference; fileEncoding = 4; lastKnownFileType = sourcecode.c.objc; path = ViewController.m; sourceTree = "<group>"; };
		CD9E41551D181DB0004BCBCD /* AppDelegate.h */ = {isa = PBXFileReference; fileEncoding = 4; lastKnownFileType = sourcecode.c.h; path = AppDelegate.h; sourceTree = "<group>"; };
		CD9E41561D181DB0004BCBCD /* AppDelegate.m */ = {isa = PBXFileReference; fileEncoding = 4; lastKnownFileType = sourcecode.c.objc; path = AppDelegate.m; sourceTree = "<group>"; };
/* End PBXFileReference section */

/* Begin PBXFrameworksBuildPhase section */
		CD9E412D1D181C9D004BCBCD /* Frameworks */ = {
			isa = PBXFrameworksBuildPhase;
			buildActionMask = 2147483647;
			files = (
				84AF527B1D1D55400008D34F /* CoreLocation.framework in Frameworks */,
			);
			runOnlyForDeploymentPostprocessing = 0;
		};
/* End PBXFrameworksBuildPhase section */

/* Begin PBXGroup section */
		CD9E41271D181C9D004BCBCD = {
			isa = PBXGroup;
			children = (
				CD9E41321D181C9D004BCBCD /* mMobileBanking */,
				CD9E41311D181C9D004BCBCD /* Products */,
				84AF527A1D1D55400008D34F /* CoreLocation.framework */,
			);
			sourceTree = "<group>";
		};
		CD9E41311D181C9D004BCBCD /* Products */ = {
			isa = PBXGroup;
			children = (
				CD9E41301D181C9D004BCBCD /* mMobileBanking.app */,
			);
			name = Products;
			sourceTree = "<group>";
		};
		CD9E41321D181C9D004BCBCD /* mMobileBanking */ = {
			isa = PBXGroup;
			children = (
				CD9E414A1D181D71004BCBCD /* Categories */,
				CD9E414B1D181D71004BCBCD /* Controllers */,
				CD9E414C1D181D71004BCBCD /* Delegate */,
				CD9E414D1D181D71004BCBCD /* Managers */,
				CD9E414E1D181D71004BCBCD /* Models */,
				CD9E414F1D181D71004BCBCD /* Services */,
				CD9E41501D181D71004BCBCD /* Utils */,
				CD9E41511D181D71004BCBCD /* Views */,
				CD9E413C1D181C9D004BCBCD /* Main.storyboard */,
				CD9E413F1D181C9D004BCBCD /* Assets.xcassets */,
				CD9E41411D181C9D004BCBCD /* LaunchScreen.storyboard */,
				CD9E41441D181C9D004BCBCD /* Info.plist */,
				CD9E41331D181C9D004BCBCD /* Supporting Files */,
			);
			path = mMobileBanking;
			sourceTree = "<group>";
		};
		CD9E41331D181C9D004BCBCD /* Supporting Files */ = {
			isa = PBXGroup;
			children = (
				CD9E41341D181C9D004BCBCD /* main.m */,
			);
			name = "Supporting Files";
			sourceTree = "<group>";
		};
		CD9E414A1D181D71004BCBCD /* Categories */ = {
			isa = PBXGroup;
			children = (
			);
			path = Categories;
			sourceTree = "<group>";
		};
		CD9E414B1D181D71004BCBCD /* Controllers */ = {
			isa = PBXGroup;
			children = (
				CD9E41521D181D9A004BCBCD /* ViewController.h */,
				CD9E41531D181D9A004BCBCD /* ViewController.m */,
			);
			path = Controllers;
			sourceTree = "<group>";
		};
		CD9E414C1D181D71004BCBCD /* Delegate */ = {
			isa = PBXGroup;
			children = (
				CD9E41551D181DB0004BCBCD /* AppDelegate.h */,
				CD9E41561D181DB0004BCBCD /* AppDelegate.m */,
			);
			path = Delegate;
			sourceTree = "<group>";
		};
		CD9E414D1D181D71004BCBCD /* Managers */ = {
			isa = PBXGroup;
			children = (
			);
			path = Managers;
			sourceTree = "<group>";
		};
		CD9E414E1D181D71004BCBCD /* Models */ = {
			isa = PBXGroup;
			children = (
				84AF525F1D1D0CD00008D34F /* MBUser.h */,
				84AF52601D1D0CD00008D34F /* MBUser.m */,
				84AF52621D1D0D0C0008D34F /* MBAccount.h */,
				84AF52631D1D0D0C0008D34F /* MBAccount.m */,
				84AF52651D1D0D310008D34F /* MBCard.h */,
				84AF52661D1D0D310008D34F /* MBCard.m */,
				84AF52681D1D2F140008D34F /* MBBranch.h */,
				84AF52691D1D2F140008D34F /* MBBranch.m */,
				84AF526B1D1D2F450008D34F /* MBMessage.h */,
				84AF526C1D1D2F450008D34F /* MBMessage.m */,
				84AF526E1D1D2F800008D34F /* MBLoan.h */,
				84AF526F1D1D2F800008D34F /* MBLoan.m */,
				84AF52711D1D2F8F0008D34F /* MBStock.h */,
				84AF52721D1D2F8F0008D34F /* MBStock.m */,
				84AF52741D1D2F9D0008D34F /* MBTransaction.h */,
				84AF52751D1D2F9D0008D34F /* MBTransaction.m */,
				84AF52771D1D30FC0008D34F /* MBStatement.h */,
				84AF52781D1D30FC0008D34F /* MBStatement.m */,
			);
			path = Models;
			sourceTree = "<group>";
		};
		CD9E414F1D181D71004BCBCD /* Services */ = {
			isa = PBXGroup;
			children = (
			);
			path = Services;
			sourceTree = "<group>";
		};
		CD9E41501D181D71004BCBCD /* Utils */ = {
			isa = PBXGroup;
			children = (
			);
			path = Utils;
			sourceTree = "<group>";
		};
		CD9E41511D181D71004BCBCD /* Views */ = {
			isa = PBXGroup;
			children = (
			);
			path = Views;
			sourceTree = "<group>";
		};
/* End PBXGroup section */

/* Begin PBXNativeTarget section */
		CD9E412F1D181C9D004BCBCD /* mMobileBanking */ = {
			isa = PBXNativeTarget;
			buildConfigurationList = CD9E41471D181C9D004BCBCD /* Build configuration list for PBXNativeTarget "mMobileBanking" */;
			buildPhases = (
				CD9E412C1D181C9D004BCBCD /* Sources */,
				CD9E412D1D181C9D004BCBCD /* Frameworks */,
				CD9E412E1D181C9D004BCBCD /* Resources */,
			);
			buildRules = (
			);
			dependencies = (
			);
			name = mMobileBanking;
			productName = mMobileBanking;
			productReference = CD9E41301D181C9D004BCBCD /* mMobileBanking.app */;
			productType = "com.apple.product-type.application";
		};
/* End PBXNativeTarget section */

/* Begin PBXProject section */
		CD9E41281D181C9D004BCBCD /* Project object */ = {
			isa = PBXProject;
			attributes = {
				LastUpgradeCheck = 0730;
				ORGANIZATIONNAME = mStudoApps;
				TargetAttributes = {
					CD9E412F1D181C9D004BCBCD = {
						CreatedOnToolsVersion = 7.3.1;
					};
				};
			};
			buildConfigurationList = CD9E412B1D181C9D004BCBCD /* Build configuration list for PBXProject "mMobileBanking" */;
			compatibilityVersion = "Xcode 3.2";
			developmentRegion = English;
			hasScannedForEncodings = 0;
			knownRegions = (
				en,
				Base,
			);
			mainGroup = CD9E41271D181C9D004BCBCD;
			productRefGroup = CD9E41311D181C9D004BCBCD /* Products */;
			projectDirPath = "";
			projectRoot = "";
			targets = (
				CD9E412F1D181C9D004BCBCD /* mMobileBanking */,
			);
		};
/* End PBXProject section */

/* Begin PBXResourcesBuildPhase section */
		CD9E412E1D181C9D004BCBCD /* Resources */ = {
			isa = PBXResourcesBuildPhase;
			buildActionMask = 2147483647;
			files = (
				CD9E41431D181C9D004BCBCD /* LaunchScreen.storyboard in Resources */,
				CD9E41401D181C9D004BCBCD /* Assets.xcassets in Resources */,
				CD9E413E1D181C9D004BCBCD /* Main.storyboard in Resources */,
			);
			runOnlyForDeploymentPostprocessing = 0;
		};
/* End PBXResourcesBuildPhase section */

/* Begin PBXSourcesBuildPhase section */
		CD9E412C1D181C9D004BCBCD /* Sources */ = {
			isa = PBXSourcesBuildPhase;
			buildActionMask = 2147483647;
			files = (
				CD9E41541D181D9A004BCBCD /* ViewController.m in Sources */,
				84AF52731D1D2F8F0008D34F /* MBStock.m in Sources */,
				84AF52641D1D0D0C0008D34F /* MBAccount.m in Sources */,
				84AF526D1D1D2F450008D34F /* MBMessage.m in Sources */,
				84AF52791D1D30FC0008D34F /* MBStatement.m in Sources */,
				84AF526A1D1D2F140008D34F /* MBBranch.m in Sources */,
				84AF52701D1D2F800008D34F /* MBLoan.m in Sources */,
				84AF52611D1D0CD00008D34F /* MBUser.m in Sources */,
				CD9E41351D181C9D004BCBCD /* main.m in Sources */,
				84AF52761D1D2F9D0008D34F /* MBTransaction.m in Sources */,
				84AF52671D1D0D310008D34F /* MBCard.m in Sources */,
				CD9E41571D181DB0004BCBCD /* AppDelegate.m in Sources */,
			);
			runOnlyForDeploymentPostprocessing = 0;
		};
/* End PBXSourcesBuildPhase section */

/* Begin PBXVariantGroup section */
		CD9E413C1D181C9D004BCBCD /* Main.storyboard */ = {
			isa = PBXVariantGroup;
			children = (
				CD9E413D1D181C9D004BCBCD /* Base */,
			);
			name = Main.storyboard;
			sourceTree = "<group>";
		};
		CD9E41411D181C9D004BCBCD /* LaunchScreen.storyboard */ = {
			isa = PBXVariantGroup;
			children = (
				CD9E41421D181C9D004BCBCD /* Base */,
			);
			name = LaunchScreen.storyboard;
			sourceTree = "<group>";
		};
/* End PBXVariantGroup section */

/* Begin XCBuildConfiguration section */
		CD9E41451D181C9D004BCBCD /* Debug */ = {
			isa = XCBuildConfiguration;
			buildSettings = {
				ALWAYS_SEARCH_USER_PATHS = NO;
				CLANG_ANALYZER_NONNULL = YES;
				CLANG_CXX_LANGUAGE_STANDARD = "gnu++0x";
				CLANG_CXX_LIBRARY = "libc++";
				CLANG_ENABLE_MODULES = YES;
				CLANG_ENABLE_OBJC_ARC = YES;
				CLANG_WARN_BOOL_CONVERSION = YES;
				CLANG_WARN_CONSTANT_CONVERSION = YES;
				CLANG_WARN_DIRECT_OBJC_ISA_USAGE = YES_ERROR;
				CLANG_WARN_EMPTY_BODY = YES;
				CLANG_WARN_ENUM_CONVERSION = YES;
				CLANG_WARN_INT_CONVERSION = YES;
				CLANG_WARN_OBJC_ROOT_CLASS = YES_ERROR;
				CLANG_WARN_UNREACHABLE_CODE = YES;
				CLANG_WARN__DUPLICATE_METHOD_MATCH = YES;
				"CODE_SIGN_IDENTITY[sdk=iphoneos*]" = "iPhone Developer";
				COPY_PHASE_STRIP = NO;
				DEBUG_INFORMATION_FORMAT = dwarf;
				ENABLE_STRICT_OBJC_MSGSEND = YES;
				ENABLE_TESTABILITY = YES;
				GCC_C_LANGUAGE_STANDARD = gnu99;
				GCC_DYNAMIC_NO_PIC = NO;
				GCC_NO_COMMON_BLOCKS = YES;
				GCC_OPTIMIZATION_LEVEL = 0;
				GCC_PREPROCESSOR_DEFINITIONS = (
					"DEBUG=1",
					"$(inherited)",
				);
				GCC_WARN_64_TO_32_BIT_CONVERSION = YES;
				GCC_WARN_ABOUT_RETURN_TYPE = YES_ERROR;
				GCC_WARN_UNDECLARED_SELECTOR = YES;
				GCC_WARN_UNINITIALIZED_AUTOS = YES_AGGRESSIVE;
				GCC_WARN_UNUSED_FUNCTION = YES;
				GCC_WARN_UNUSED_VARIABLE = YES;
				IPHONEOS_DEPLOYMENT_TARGET = 9.3;
				MTL_ENABLE_DEBUG_INFO = YES;
				ONLY_ACTIVE_ARCH = YES;
				SDKROOT = iphoneos;
			};
			name = Debug;
		};
		CD9E41461D181C9D004BCBCD /* Release */ = {
			isa = XCBuildConfiguration;
			buildSettings = {
				ALWAYS_SEARCH_USER_PATHS = NO;
				CLANG_ANALYZER_NONNULL = YES;
				CLANG_CXX_LANGUAGE_STANDARD = "gnu++0x";
				CLANG_CXX_LIBRARY = "libc++";
				CLANG_ENABLE_MODULES = YES;
				CLANG_ENABLE_OBJC_ARC = YES;
				CLANG_WARN_BOOL_CONVERSION = YES;
				CLANG_WARN_CONSTANT_CONVERSION = YES;
				CLANG_WARN_DIRECT_OBJC_ISA_USAGE = YES_ERROR;
				CLANG_WARN_EMPTY_BODY = YES;
				CLANG_WARN_ENUM_CONVERSION = YES;
				CLANG_WARN_INT_CONVERSION = YES;
				CLANG_WARN_OBJC_ROOT_CLASS = YES_ERROR;
				CLANG_WARN_UNREACHABLE_CODE = YES;
				CLANG_WARN__DUPLICATE_METHOD_MATCH = YES;
				"CODE_SIGN_IDENTITY[sdk=iphoneos*]" = "iPhone Developer";
				COPY_PHASE_STRIP = NO;
				DEBUG_INFORMATION_FORMAT = "dwarf-with-dsym";
				ENABLE_NS_ASSERTIONS = NO;
				ENABLE_STRICT_OBJC_MSGSEND = YES;
				GCC_C_LANGUAGE_STANDARD = gnu99;
				GCC_NO_COMMON_BLOCKS = YES;
				GCC_WARN_64_TO_32_BIT_CONVERSION = YES;
				GCC_WARN_ABOUT_RETURN_TYPE = YES_ERROR;
				GCC_WARN_UNDECLARED_SELECTOR = YES;
				GCC_WARN_UNINITIALIZED_AUTOS = YES_AGGRESSIVE;
				GCC_WARN_UNUSED_FUNCTION = YES;
				GCC_WARN_UNUSED_VARIABLE = YES;
				IPHONEOS_DEPLOYMENT_TARGET = 9.3;
				MTL_ENABLE_DEBUG_INFO = NO;
				SDKROOT = iphoneos;
				VALIDATE_PRODUCT = YES;
			};
			name = Release;
		};
		CD9E41481D181C9D004BCBCD /* Debug */ = {
			isa = XCBuildConfiguration;
			buildSettings = {
				ASSETCATALOG_COMPILER_APPICON_NAME = AppIcon;
				INFOPLIST_FILE = mMobileBanking/Info.plist;
				LD_RUNPATH_SEARCH_PATHS = "$(inherited) @executable_path/Frameworks";
				PRODUCT_BUNDLE_IDENTIFIER = com.mApps.mMobileBanking;
				PRODUCT_NAME = "$(TARGET_NAME)";
			};
			name = Debug;
		};
		CD9E41491D181C9D004BCBCD /* Release */ = {
			isa = XCBuildConfiguration;
			buildSettings = {
				ASSETCATALOG_COMPILER_APPICON_NAME = AppIcon;
				INFOPLIST_FILE = mMobileBanking/Info.plist;
				LD_RUNPATH_SEARCH_PATHS = "$(inherited) @executable_path/Frameworks";
				PRODUCT_BUNDLE_IDENTIFIER = com.mApps.mMobileBanking;
				PRODUCT_NAME = "$(TARGET_NAME)";
			};
			name = Release;
		};
/* End XCBuildConfiguration section */

/* Begin XCConfigurationList section */
		CD9E412B1D181C9D004BCBCD /* Build configuration list for PBXProject "mMobileBanking" */ = {
			isa = XCConfigurationList;
			buildConfigurations = (
				CD9E41451D181C9D004BCBCD /* Debug */,
				CD9E41461D181C9D004BCBCD /* Release */,
			);
			defaultConfigurationIsVisible = 0;
			defaultConfigurationName = Release;
		};
		CD9E41471D181C9D004BCBCD /* Build configuration list for PBXNativeTarget "mMobileBanking" */ = {
			isa = XCConfigurationList;
			buildConfigurations = (
				CD9E41481D181C9D004BCBCD /* Debug */,
				CD9E41491D181C9D004BCBCD /* Release */,
			);
			defaultConfigurationIsVisible = 0;
			defaultConfigurationName = Release;
		};
/* End XCConfigurationList section */
	};
	rootObject = CD9E41281D181C9D004BCBCD /* Project object */;
}
